github.com/cloudcannon/bookshop/hugo/v3 v3.12.0 h1:4MZs5mgAYiZINA/wC9bUfUH+if/0FqQ6/vkmPCvpqvk=
github.com/cloudcannon/bookshop/hugo/v3 v3.12.0/go.mod h1:s7mIonDhtsLcn10ZKuVXyqd6BDHI8vT1WQhZw8rPfY8=
github.com/wvuweb/wvu-ds-v3-hugo v0.0.0-20241112195129-11361e8203f9 h1:P9UVByeak9XAWHbqn/rhFBnW4gJ0Vy6NWGLincLPdgE=
github.com/wvuweb/wvu-ds-v3-hugo v0.0.0-20241112195129-11361e8203f9/go.mod h1:liM90vRp0qx3Spgh3xcrKIs3AsLwwYK47zS9mo2XWwc=
